
Microsoft Visual Studio Solution File, Format Version 12.00
# Visual Studio 14
VisualStudioVersion = 14.0.23107.0
MinimumVisualStudioVersion = 10.0.40219.1
Project("{FAE04EC0-301F-11D3-BF4B-00C04F79EFBC}") = "StringCompare", "StringCompare\StringCompare.csproj", "{0DBA6B3E-A274-4EF6-8818-6F298240FEF5}"
EndProject
Project("{FAE04EC0-301F-11D3-BF4B-00C04F79EFBC}") = "StringCompareTests", "StringCompareTests\StringCompareTests.csproj", "{1DE80C20-3175-4FC8-AEBF-FB148968CE58}"
EndProject
Global
	GlobalSection(SolutionConfigurationPlatforms) = preSolution
		Debug|Any CPU = Debug|Any CPU
		Release|Any CPU = Release|Any CPU
	EndGlobalSection
	GlobalSection(ProjectConfigurationPlatforms) = postSolution
		{0DBA6B3E-A274-4EF6-8818-6F298240FEF5}.Debug|Any CPU.ActiveCfg = Debug|Any CPU
		{0DBA6B3E-A274-4EF6-8818-6F298240FEF5}.Debug|Any CPU.Build.0 = Debug|Any CPU
		{0DBA6B3E-A274-4EF6-8818-6F298240FEF5}.Release|Any CPU.ActiveCfg = Release|Any CPU
		{0DBA6B3E-A274-4EF6-8818-6F298240FEF5}.Release|Any CPU.Build.0 = Release|Any CPU
		{1DE80C20-3175-4FC8-AEBF-FB148968CE58}.Debug|Any CPU.ActiveCfg = Debug|Any CPU
		{1DE80C20-3175-4FC8-AEBF-FB148968CE58}.Debug|Any CPU.Build.0 = Debug|Any CPU
		{1DE80C20-3175-4FC8-AEBF-FB148968CE58}.Release|Any CPU.ActiveCfg = Release|Any CPU
		{1DE80C20-3175-4FC8-AEBF-FB148968CE58}.Release|Any CPU.Build.0 = Release|Any CPU
	EndGlobalSection
	GlobalSection(SolutionProperties) = preSolution
		HideSolutionNode = FALSE
	EndGlobalSection
EndGlobal
